
Microsoft Visual Studio Solution File, Format Version 12.00
# Visual Studio Version 16
VisualStudioVersion = 16.0.31702.278
MinimumVisualStudioVersion = 10.0.40219.1
Project("{9A19103F-16F7-4668-BE54-9A1E7A4F7556}") = "DeMan", "DeMan.csproj", "{938ABEA2-960E-4C79-8173-3DCEFDBA2266}"
EndProject
Global
	GlobalSection(SolutionConfigurationPlatforms) = preSolution
		Debug|Any CPU = Debug|Any CPU
		Release|Any CPU = Release|Any CPU
	EndGlobalSection
	GlobalSection(ProjectConfigurationPlatforms) = postSolution
		{938ABEA2-960E-4C79-8173-3DCEFDBA2266}.Debug|Any CPU.ActiveCfg = Debug|Any CPU
		{938ABEA2-960E-4C79-8173-3DCEFDBA2266}.Debug|Any CPU.Build.0 = Debug|Any CPU
		{938ABEA2-960E-4C79-8173-3DCEFDBA2266}.Release|Any CPU.ActiveCfg = Release|Any CPU
		{938ABEA2-960E-4C79-8173-3DCEFDBA2266}.Release|Any CPU.Build.0 = Release|Any CPU
	EndGlobalSection
	GlobalSection(SolutionProperties) = preSolution
		HideSolutionNode = FALSE
	EndGlobalSection
	GlobalSection(ExtensibilityGlobals) = postSolution
		SolutionGuid = {806507AC-AB40-4C65-B7AE-EA54AD5E9607}
	EndGlobalSection
EndGlobal
